PODS:
  - Kingfisher (4.7.0)
  - OHHTTPStubs/Core (6.1.0)
  - OHHTTPStubs/Default (6.1.0):
    - OHHTTPStubs/Core
    - OHHTTPStubs/JSON
    - OHHTTPStubs/NSURLSession
    - OHHTTPStubs/OHPathHelpers
  - OHHTTPStubs/JSON (6.1.0):
    - OHHTTPStubs/Core
  - OHHTTPStubs/NSURLSession (6.1.0):
    - OHHTTPStubs/Core
  - OHHTTPStubs/OHPathHelpers (6.1.0)
  - OHHTTPStubs/Swift (6.1.0):
    - OHHTTPStubs/Default

DEPENDENCIES:
  - Kingfisher
  - OHHTTPStubs/Swift

SPEC REPOS:
  https://github.com/CocoaPods/Specs.git:
    - Kingfisher
    - OHHTTPStubs

SPEC CHECKSUMS:
  Kingfisher: da6b005aa96d37698e3e4f1ccfe96a5b9bbf27d6
  OHHTTPStubs: 1e21c7d2c084b8153fc53d48400d8919d2d432d0

PODFILE CHECKSUM: 96fa2a3826445a589e2c15e5295a264c8a6ceb5a

COCOAPODS: 1.5.0
